// !$*UTF8*$!
{
	archiveVersion = 1;
	classes = {
	};
	objectVersion = 50;
	objects = {

/* Begin PBXBuildFile section */
		3D1669F924B9CE9700E031BA /* AppDelegate.swift in Sources */ = {isa = PBXBuildFile; fileRef = 3D1669F824B9CE9700E031BA /* AppDelegate.swift */; };
		3D1669FB24B9CE9700E031BA /* SceneDelegate.swift in Sources */ = {isa = PBXBuildFile; fileRef = 3D1669FA24B9CE9700E031BA /* SceneDelegate.swift */; };
		3D1669FD24B9CE9700E031BA /* LoginViewController.swift in Sources */ = {isa = PBXBuildFile; fileRef = 3D1669FC24B9CE9700E031BA /* LoginViewController.swift */; };
		3D166A0024B9CE9700E031BA /* Main.storyboard in Resources */ = {isa = PBXBuildFile; fileRef = 3D1669FE24B9CE9700E031BA /* Main.storyboard */; };
		3D166A0324B9CE9700E031BA /* TravelGallery.xcdatamodeld in Sources */ = {isa = PBXBuildFile; fileRef = 3D166A0124B9CE9700E031BA /* TravelGallery.xcdatamodeld */; };
		3D166A0524B9CE9C00E031BA /* Assets.xcassets in Resources */ = {isa = PBXBuildFile; fileRef = 3D166A0424B9CE9C00E031BA /* Assets.xcassets */; };
		3D166A0824B9CE9C00E031BA /* LaunchScreen.storyboard in Resources */ = {isa = PBXBuildFile; fileRef = 3D166A0624B9CE9C00E031BA /* LaunchScreen.storyboard */; };
		3D166A1024B9DFC300E031BA /* SignUpViewController.swift in Sources */ = {isa = PBXBuildFile; fileRef = 3D166A0F24B9DFC300E031BA /* SignUpViewController.swift */; };
		3D166A1224B9E94C00E031BA /* GoogleService-Info.plist in Resources */ = {isa = PBXBuildFile; fileRef = 3D166A1124B9E94C00E031BA /* GoogleService-Info.plist */; };
		F011070B9139FDAF9210F614 /* Pods_TravelGallery.framework in Frameworks */ = {isa = PBXBuildFile; fileRef = 3B04FD85B6D89A4BCE6C3984 /* Pods_TravelGallery.framework */; };
/* End PBXBuildFile section */

/* Begin PBXFileReference section */
		3B04FD85B6D89A4BCE6C3984 /* Pods_TravelGallery.framework */ = {isa = PBXFileReference; explicitFileType = wrapper.framework; includeInIndex = 0; path = Pods_TravelGallery.framework; sourceTree = BUILT_PRODUCTS_DIR; };
		3D1669F524B9CE9700E031BA /* TravelGallery.app */ = {isa = PBXFileReference; explicitFileType = wrapper.application; includeInIndex = 0; path = TravelGallery.app; sourceTree = BUILT_PRODUCTS_DIR; };
		3D1669F824B9CE9700E031BA /* AppDelegate.swift */ = {isa = PBXFileReference; lastKnownFileType = sourcecode.swift; path = AppDelegate.swift; sourceTree = "<group>"; };
		3D1669FA24B9CE9700E031BA /* SceneDelegate.swift */ = {isa = PBXFileReference; lastKnownFileType = sourcecode.swift; path = SceneDelegate.swift; sourceTree = "<group>"; };
		3D1669FC24B9CE9700E031BA /* LoginViewController.swift */ = {isa = PBXFileReference; lastKnownFileType = sourcecode.swift; path = LoginViewController.swift; sourceTree = "<group>"; };
		3D1669FF24B9CE9700E031BA /* Base */ = {isa = PBXFileReference; lastKnownFileType = file.storyboard; name = Base; path = Base.lproj/Main.storyboard; sourceTree = "<group>"; };
		3D166A0224B9CE9700E031BA /* TravelGallery.xcdatamodel */ = {isa = PBXFileReference; lastKnownFileType = wrapper.xcdatamodel; path = TravelGallery.xcdatamodel; sourceTree = "<group>"; };
		3D166A0424B9CE9C00E031BA /* Assets.xcassets */ = {isa = PBXFileReference; lastKnownFileType = folder.assetcatalog; path = Assets.xcassets; sourceTree = "<group>"; };
		3D166A0724B9CE9C00E031BA /* Base */ = {isa = PBXFileReference; lastKnownFileType = file.storyboard; name = Base; path = Base.lproj/LaunchScreen.storyboard; sourceTree = "<group>"; };
		3D166A0924B9CE9C00E031BA /* Info.plist */ = {isa = PBXFileReference; lastKnownFileType = text.plist.xml; path = Info.plist; sourceTree = "<group>"; };
		3D166A0F24B9DFC300E031BA /* SignUpViewController.swift */ = {isa = PBXFileReference; lastKnownFileType = sourcecode.swift; path = SignUpViewController.swift; sourceTree = "<group>"; };
		3D166A1124B9E94C00E031BA /* GoogleService-Info.plist */ = {isa = PBXFileReference; fileEncoding = 4; lastKnownFileType = text.plist.xml; path = "GoogleService-Info.plist"; sourceTree = "<group>"; };
		B6623D966673CF87A353A95F /* Pods-TravelGallery.release.xcconfig */ = {isa = PBXFileReference; includeInIndex = 1; lastKnownFileType = text.xcconfig; name = "Pods-TravelGallery.release.xcconfig"; path = "Target Support Files/Pods-TravelGallery/Pods-TravelGallery.release.xcconfig"; sourceTree = "<group>"; };
		FD547BC146DCA6AB3F373CAA /* Pods-TravelGallery.debug.xcconfig */ = {isa = PBXFileReference; includeInIndex = 1; lastKnownFileType = text.xcconfig; name = "Pods-TravelGallery.debug.xcconfig"; path = "Target Support Files/Pods-TravelGallery/Pods-TravelGallery.debug.xcconfig"; sourceTree = "<group>"; };
/* End PBXFileReference section */

/* Begin PBXFrameworksBuildPhase section */
		3D1669F224B9CE9700E031BA /* Frameworks */ = {
			isa = PBXFrameworksBuildPhase;
			buildActionMask = 2147483647;
			files = (
				F011070B9139FDAF9210F614 /* Pods_TravelGallery.framework in Frameworks */,
			);
			runOnlyForDeploymentPostprocessing = 0;
		};
/* End PBXFrameworksBuildPhase section */

/* Begin PBXGroup section */
		0E76A0D85D1AE69537F35E55 /* Frameworks */ = {
			isa = PBXGroup;
			children = (
				3B04FD85B6D89A4BCE6C3984 /* Pods_TravelGallery.framework */,
			);
			name = Frameworks;
			sourceTree = "<group>";
		};
		3D1669EC24B9CE9700E031BA = {
			isa = PBXGroup;
			children = (
				3D1669F724B9CE9700E031BA /* TravelGallery */,
				3D1669F624B9CE9700E031BA /* Products */,
				E8A180542160D03FE21B050B /* Pods */,
				0E76A0D85D1AE69537F35E55 /* Frameworks */,
			);
			sourceTree = "<group>";
		};
		3D1669F624B9CE9700E031BA /* Products */ = {
			isa = PBXGroup;
			children = (
				3D1669F524B9CE9700E031BA /* TravelGallery.app */,
			);
			name = Products;
			sourceTree = "<group>";
		};
		3D1669F724B9CE9700E031BA /* TravelGallery */ = {
			isa = PBXGroup;
			children = (
				3D166A1124B9E94C00E031BA /* GoogleService-Info.plist */,
				3D1669F824B9CE9700E031BA /* AppDelegate.swift */,
				3D1669FA24B9CE9700E031BA /* SceneDelegate.swift */,
				3D1669FC24B9CE9700E031BA /* LoginViewController.swift */,
				3D1669FE24B9CE9700E031BA /* Main.storyboard */,
				3D166A0424B9CE9C00E031BA /* Assets.xcassets */,
				3D166A0624B9CE9C00E031BA /* LaunchScreen.storyboard */,
				3D166A0924B9CE9C00E031BA /* Info.plist */,
				3D166A0124B9CE9700E031BA /* TravelGallery.xcdatamodeld */,
				3D166A0F24B9DFC300E031BA /* SignUpViewController.swift */,
			);
			path = TravelGallery;
			sourceTree = "<group>";
		};
		E8A180542160D03FE21B050B /* Pods */ = {
			isa = PBXGroup;
			children = (
				FD547BC146DCA6AB3F373CAA /* Pods-TravelGallery.debug.xcconfig */,
				B6623D966673CF87A353A95F /* Pods-TravelGallery.release.xcconfig */,
			);
			name = Pods;
			path = Pods;
			sourceTree = "<group>";
		};
/* End PBXGroup section */

/* Begin PBXNativeTarget section */
		3D1669F424B9CE9700E031BA /* TravelGallery */ = {
			isa = PBXNativeTarget;
			buildConfigurationList = 3D166A0C24B9CE9C00E031BA /* Build configuration list for PBXNativeTarget "TravelGallery" */;
			buildPhases = (
				2B0D89BFB0E455DA2C2099A2 /* [CP] Check Pods Manifest.lock */,
				3D1669F124B9CE9700E031BA /* Sources */,
				3D1669F224B9CE9700E031BA /* Frameworks */,
				3D1669F324B9CE9700E031BA /* Resources */,
				F918A0BC62ED9DC34E39669F /* [CP] Embed Pods Frameworks */,
			);
			buildRules = (
			);
			dependencies = (
			);
			name = TravelGallery;
			productName = TravelGallery;
			productReference = 3D1669F524B9CE9700E031BA /* TravelGallery.app */;
			productType = "com.apple.product-type.application";
		};
/* End PBXNativeTarget section */

/* Begin PBXProject section */
		3D1669ED24B9CE9700E031BA /* Project object */ = {
			isa = PBXProject;
			attributes = {
				LastSwiftUpdateCheck = 1150;
				LastUpgradeCheck = 1150;
				ORGANIZATIONNAME = "Okan Serdaroğlu";
				TargetAttributes = {
					3D1669F424B9CE9700E031BA = {
						CreatedOnToolsVersion = 11.5;
					};
				};
			};
			buildConfigurationList = 3D1669F024B9CE9700E031BA /* Build configuration list for PBXProject "TravelGallery" */;
			compatibilityVersion = "Xcode 9.3";
			developmentRegion = en;
			hasScannedForEncodings = 0;
			knownRegions = (
				en,
				Base,
			);
			mainGroup = 3D1669EC24B9CE9700E031BA;
			productRefGroup = 3D1669F624B9CE9700E031BA /* Products */;
			projectDirPath = "";
			projectRoot = "";
			targets = (
				3D1669F424B9CE9700E031BA /* TravelGallery */,
			);
		};
/* End PBXProject section */

/* Begin PBXResourcesBuildPhase section */
		3D1669F324B9CE9700E031BA /* Resources */ = {
			isa = PBXResourcesBuildPhase;
			buildActionMask = 2147483647;
			files = (
				3D166A0824B9CE9C00E031BA /* LaunchScreen.storyboard in Resources */,
				3D166A1224B9E94C00E031BA /* GoogleService-Info.plist in Resources */,
				3D166A0524B9CE9C00E031BA /* Assets.xcassets in Resources */,
				3D166A0024B9CE9700E031BA /* Main.storyboard in Resources */,
			);
			runOnlyForDeploymentPostprocessing = 0;
		};
/* End PBXResourcesBuildPhase section */

/* Begin PBXShellScriptBuildPhase section */
		2B0D89BFB0E455DA2C2099A2 /* [CP] Check Pods Manifest.lock */ = {
			isa = PBXShellScriptBuildPhase;
			buildActionMask = 2147483647;
			files = (
			);
			inputFileListPaths = (
			);
			inputPaths = (
				"${PODS_PODFILE_DIR_PATH}/Podfile.lock",
				"${PODS_ROOT}/Manifest.lock",
			);
			name = "[CP] Check Pods Manifest.lock";
			outputFileListPaths = (
			);
			outputPaths = (
				"$(DERIVED_FILE_DIR)/Pods-TravelGallery-checkManifestLockResult.txt",
			);
			runOnlyForDeploymentPostprocessing = 0;
			shellPath = /bin/sh;
			shellScript = "diff \"${PODS_PODFILE_DIR_PATH}/Podfile.lock\" \"${PODS_ROOT}/Manifest.lock\" > /dev/null\nif [ $? != 0 ] ; then\n    # print error to STDERR\n    echo \"error: The sandbox is not in sync with the Podfile.lock. Run 'pod install' or update your CocoaPods installation.\" >&2\n    exit 1\nfi\n# This output is used by Xcode 'outputs' to avoid re-running this script phase.\necho \"SUCCESS\" > \"${SCRIPT_OUTPUT_FILE_0}\"\n";
			showEnvVarsInLog = 0;
		};
		F918A0BC62ED9DC34E39669F /* [CP] Embed Pods Frameworks */ = {
			isa = PBXShellScriptBuildPhase;
			buildActionMask = 2147483647;
			files = (
			);
			inputFileListPaths = (
				"${PODS_ROOT}/Target Support Files/Pods-TravelGallery/Pods-TravelGallery-frameworks-${CONFIGURATION}-input-files.xcfilelist",
			);
			name = "[CP] Embed Pods Frameworks";
			outputFileListPaths = (
				"${PODS_ROOT}/Target Support Files/Pods-TravelGallery/Pods-TravelGallery-frameworks-${CONFIGURATION}-output-files.xcfilelist",
			);
			runOnlyForDeploymentPostprocessing = 0;
			shellPath = /bin/sh;
			shellScript = "\"${PODS_ROOT}/Target Support Files/Pods-TravelGallery/Pods-TravelGallery-frameworks.sh\"\n";
			showEnvVarsInLog = 0;
		};
/* End PBXShellScriptBuildPhase section */

/* Begin PBXSourcesBuildPhase section */
		3D1669F124B9CE9700E031BA /* Sources */ = {
			isa = PBXSourcesBuildPhase;
			buildActionMask = 2147483647;
			files = (
				3D166A0324B9CE9700E031BA /* TravelGallery.xcdatamodeld in Sources */,
				3D1669FD24B9CE9700E031BA /* LoginViewController.swift in Sources */,
				3D1669F924B9CE9700E031BA /* AppDelegate.swift in Sources */,
				3D1669FB24B9CE9700E031BA /* SceneDelegate.swift in Sources */,
				3D166A1024B9DFC300E031BA /* SignUpViewController.swift in Sources */,
			);
			runOnlyForDeploymentPostprocessing = 0;
		};
/* End PBXSourcesBuildPhase section */

/* Begin PBXVariantGroup section */
		3D1669FE24B9CE9700E031BA /* Main.storyboard */ = {
			isa = PBXVariantGroup;
			children = (
				3D1669FF24B9CE9700E031BA /* Base */,
			);
			name = Main.storyboard;
			sourceTree = "<group>";
		};
		3D166A0624B9CE9C00E031BA /* LaunchScreen.storyboard */ = {
			isa = PBXVariantGroup;
			children = (
				3D166A0724B9CE9C00E031BA /* Base */,
			);
			name = LaunchScreen.storyboard;
			sourceTree = "<group>";
		};
/* End PBXVariantGroup section */

/* Begin XCBuildConfiguration section */
		3D166A0A24B9CE9C00E031BA /* Debug */ = {
			isa = XCBuildConfiguration;
			buildSettings = {
				ALWAYS_SEARCH_USER_PATHS = NO;
				CLANG_ANALYZER_NONNULL = YES;
				CLANG_ANALYZER_NUMBER_OBJECT_CONVERSION = YES_AGGRESSIVE;
				CLANG_CXX_LANGUAGE_STANDARD = "gnu++14";
				CLANG_CXX_LIBRARY = "libc++";
				CLANG_ENABLE_MODULES = YES;
				CLANG_ENABLE_OBJC_ARC = YES;
				CLANG_ENABLE_OBJC_WEAK = YES;
				CLANG_WARN_BLOCK_CAPTURE_AUTORELEASING = YES;
				CLANG_WARN_BOOL_CONVERSION = YES;
				CLANG_WARN_COMMA = YES;
				CLANG_WARN_CONSTANT_CONVERSION = YES;
				CLANG_WARN_DEPRECATED_OBJC_IMPLEMENTATIONS = YES;
				CLANG_WARN_DIRECT_OBJC_ISA_USAGE = YES_ERROR;
				CLANG_WARN_DOCUMENTATION_COMMENTS = YES;
				CLANG_WARN_EMPTY_BODY = YES;
				CLANG_WARN_ENUM_CONVERSION = YES;
				CLANG_WARN_INFINITE_RECURSION = YES;
				CLANG_WARN_INT_CONVERSION = YES;
				CLANG_WARN_NON_LITERAL_NULL_CONVERSION = YES;
				CLANG_WARN_OBJC_IMPLICIT_RETAIN_SELF = YES;
				CLANG_WARN_OBJC_LITERAL_CONVERSION = YES;
				CLANG_WARN_OBJC_ROOT_CLASS = YES_ERROR;
				CLANG_WARN_RANGE_LOOP_ANALYSIS = YES;
				CLANG_WARN_STRICT_PROTOTYPES = YES;
				CLANG_WARN_SUSPICIOUS_MOVE = YES;
				CLANG_WARN_UNGUARDED_AVAILABILITY = YES_AGGRESSIVE;
				CLANG_WARN_UNREACHABLE_CODE = YES;
				CLANG_WARN__DUPLICATE_METHOD_MATCH = YES;
				COPY_PHASE_STRIP = NO;
				DEBUG_INFORMATION_FORMAT = dwarf;
				ENABLE_STRICT_OBJC_MSGSEND = YES;
				ENABLE_TESTABILITY = YES;
				GCC_C_LANGUAGE_STANDARD = gnu11;
				GCC_DYNAMIC_NO_PIC = NO;
				GCC_NO_COMMON_BLOCKS = YES;
				GCC_OPTIMIZATION_LEVEL = 0;
				GCC_PREPROCESSOR_DEFINITIONS = (
					"DEBUG=1",
					"$(inherited)",
				);
				GCC_WARN_64_TO_32_BIT_CONVERSION = YES;
				GCC_WARN_ABOUT_RETURN_TYPE = YES_ERROR;
				GCC_WARN_UNDECLARED_SELECTOR = YES;
				GCC_WARN_UNINITIALIZED_AUTOS = YES_AGGRESSIVE;
				GCC_WARN_UNUSED_FUNCTION = YES;
				GCC_WARN_UNUSED_VARIABLE = YES;
				IPHONEOS_DEPLOYMENT_TARGET = 13.5;
				MTL_ENABLE_DEBUG_INFO = INCLUDE_SOURCE;
				MTL_FAST_MATH = YES;
				ONLY_ACTIVE_ARCH = YES;
				SDKROOT = iphoneos;
				SWIFT_ACTIVE_COMPILATION_CONDITIONS = DEBUG;
				SWIFT_OPTIMIZATION_LEVEL = "-Onone";
			};
			name = Debug;
		};
		3D166A0B24B9CE9C00E031BA /* Release */ = {
			isa = XCBuildConfiguration;
			buildSettings = {
				ALWAYS_SEARCH_USER_PATHS = NO;
				CLANG_ANALYZER_NONNULL = YES;
				CLANG_ANALYZER_NUMBER_OBJECT_CONVERSION = YES_AGGRESSIVE;
				CLANG_CXX_LANGUAGE_STANDARD = "gnu++14";
				CLANG_CXX_LIBRARY = "libc++";
				CLANG_ENABLE_MODULES = YES;
				CLANG_ENABLE_OBJC_ARC = YES;
				CLANG_ENABLE_OBJC_WEAK = YES;
				CLANG_WARN_BLOCK_CAPTURE_AUTORELEASING = YES;
				CLANG_WARN_BOOL_CONVERSION = YES;
				CLANG_WARN_COMMA = YES;
				CLANG_WARN_CONSTANT_CONVERSION = YES;
				CLANG_WARN_DEPRECATED_OBJC_IMPLEMENTATIONS = YES;
				CLANG_WARN_DIRECT_OBJC_ISA_USAGE = YES_ERROR;
				CLANG_WARN_DOCUMENTATION_COMMENTS = YES;
				CLANG_WARN_EMPTY_BODY = YES;
				CLANG_WARN_ENUM_CONVERSION = YES;
				CLANG_WARN_INFINITE_RECURSION = YES;
				CLANG_WARN_INT_CONVERSION = YES;
				CLANG_WARN_NON_LITERAL_NULL_CONVERSION = YES;
				CLANG_WARN_OBJC_IMPLICIT_RETAIN_SELF = YES;
				CLANG_WARN_OBJC_LITERAL_CONVERSION = YES;
				CLANG_WARN_OBJC_ROOT_CLASS = YES_ERROR;
				CLANG_WARN_RANGE_LOOP_ANALYSIS = YES;
				CLANG_WARN_STRICT_PROTOTYPES = YES;
				CLANG_WARN_SUSPICIOUS_MOVE = YES;
				CLANG_WARN_UNGUARDED_AVAILABILITY = YES_AGGRESSIVE;
				CLANG_WARN_UNREACHABLE_CODE = YES;
				CLANG_WARN__DUPLICATE_METHOD_MATCH = YES;
				COPY_PHASE_STRIP = NO;
				DEBUG_INFORMATION_FORMAT = "dwarf-with-dsym";
				ENABLE_NS_ASSERTIONS = NO;
				ENABLE_STRICT_OBJC_MSGSEND = YES;
				GCC_C_LANGUAGE_STANDARD = gnu11;
				GCC_NO_COMMON_BLOCKS = YES;
				GCC_WARN_64_TO_32_BIT_CONVERSION = YES;
				GCC_WARN_ABOUT_RETURN_TYPE = YES_ERROR;
				GCC_WARN_UNDECLARED_SELECTOR = YES;
				GCC_WARN_UNINITIALIZED_AUTOS = YES_AGGRESSIVE;
				GCC_WARN_UNUSED_FUNCTION = YES;
				GCC_WARN_UNUSED_VARIABLE = YES;
				IPHONEOS_DEPLOYMENT_TARGET = 13.5;
				MTL_ENABLE_DEBUG_INFO = NO;
				MTL_FAST_MATH = YES;
				SDKROOT = iphoneos;
				SWIFT_COMPILATION_MODE = wholemodule;
				SWIFT_OPTIMIZATION_LEVEL = "-O";
				VALIDATE_PRODUCT = YES;
			};
			name = Release;
		};
		3D166A0D24B9CE9C00E031BA /* Debug */ = {
			isa = XCBuildConfiguration;
			baseConfigurationReference = FD547BC146DCA6AB3F373CAA /* Pods-TravelGallery.debug.xcconfig */;
			buildSettings = {
				ASSETCATALOG_COMPILER_APPICON_NAME = AppIcon;
				CODE_SIGN_STYLE = Automatic;
				INFOPLIST_FILE = TravelGallery/Info.plist;
				LD_RUNPATH_SEARCH_PATHS = (
					"$(inherited)",
					"@executable_path/Frameworks",
				);
				PRODUCT_BUNDLE_IDENTIFIER = com.okan.serdaroglu.TravelGallery;
				PRODUCT_NAME = "$(TARGET_NAME)";
				SWIFT_VERSION = 5.0;
				TARGETED_DEVICE_FAMILY = "1,2";
			};
			name = Debug;
		};
		3D166A0E24B9CE9C00E031BA /* Release */ = {
			isa = XCBuildConfiguration;
			baseConfigurationReference = B6623D966673CF87A353A95F /* Pods-TravelGallery.release.xcconfig */;
			buildSettings = {
				ASSETCATALOG_COMPILER_APPICON_NAME = AppIcon;
				CODE_SIGN_STYLE = Automatic;
				INFOPLIST_FILE = TravelGallery/Info.plist;
				LD_RUNPATH_SEARCH_PATHS = (
					"$(inherited)",
					"@executable_path/Frameworks",
				);
				PRODUCT_BUNDLE_IDENTIFIER = com.okan.serdaroglu.TravelGallery;
				PRODUCT_NAME = "$(TARGET_NAME)";
				SWIFT_VERSION = 5.0;
				TARGETED_DEVICE_FAMILY = "1,2";
			};
			name = Release;
		};
/* End XCBuildConfiguration section */

/* Begin XCConfigurationList section */
		3D1669F024B9CE9700E031BA /* Build configuration list for PBXProject "TravelGallery" */ = {
			isa = XCConfigurationList;
			buildConfigurations = (
				3D166A0A24B9CE9C00E031BA /* Debug */,
				3D166A0B24B9CE9C00E031BA /* Release */,
			);
			defaultConfigurationIsVisible = 0;
			defaultConfigurationName = Release;
		};
		3D166A0C24B9CE9C00E031BA /* Build configuration list for PBXNativeTarget "TravelGallery" */ = {
			isa = XCConfigurationList;
			buildConfigurations = (
				3D166A0D24B9CE9C00E031BA /* Debug */,
				3D166A0E24B9CE9C00E031BA /* Release */,
			);
			defaultConfigurationIsVisible = 0;
			defaultConfigurationName = Release;
		};
/* End XCConfigurationList section */

/* Begin XCVersionGroup section */
		3D166A0124B9CE9700E031BA /* TravelGallery.xcdatamodeld */ = {
			isa = XCVersionGroup;
			children = (
				3D166A0224B9CE9700E031BA /* TravelGallery.xcdatamodel */,
			);
			currentVersion = 3D166A0224B9CE9700E031BA /* TravelGallery.xcdatamodel */;
			path = TravelGallery.xcdatamodeld;
			sourceTree = "<group>";
			versionGroupType = wrapper.xcdatamodel;
		};
/* End XCVersionGroup section */
	};
	rootObject = 3D1669ED24B9CE9700E031BA /* Project object */;
}
